
Microsoft Visual Studio Solution File, Format Version 12.00
# Visual Studio Version 17
VisualStudioVersion = 17.13.35806.99 d17.13
MinimumVisualStudioVersion = 10.0.40219.1
Project("{FAE04EC0-301F-11D3-BF4B-00C04F79EFBC}") = "CRUD-Operations", "CRUD-Operations\CRUD-Operations.csproj", "{3EB7A5D4-6D9A-4292-89D0-64F5B6717E2D}"
EndProject
Global
	GlobalSection(SolutionConfigurationPlatforms) = preSolution
		Debug|Any CPU = Debug|Any CPU
		Release|Any CPU = Release|Any CPU
	EndGlobalSection
	GlobalSection(ProjectConfigurationPlatforms) = postSolution
		{3EB7A5D4-6D9A-4292-89D0-64F5B6717E2D}.Debug|Any CPU.ActiveCfg = Debug|Any CPU
		{3EB7A5D4-6D9A-4292-89D0-64F5B6717E2D}.Debug|Any CPU.Build.0 = Debug|Any CPU
		{3EB7A5D4-6D9A-4292-89D0-64F5B6717E2D}.Release|Any CPU.ActiveCfg = Release|Any CPU
		{3EB7A5D4-6D9A-4292-89D0-64F5B6717E2D}.Release|Any CPU.Build.0 = Release|Any CPU
	EndGlobalSection
	GlobalSection(SolutionProperties) = preSolution
		HideSolutionNode = FALSE
	EndGlobalSection
	GlobalSection(ExtensibilityGlobals) = postSolution
		SolutionGuid = {3A6087D3-92C0-4956-8C12-C31DE4E6096B}
	EndGlobalSection
EndGlobal
